// !$*UTF8*$!
{
	archiveVersion = 1;
	classes = {
	};
	objectVersion = 50;
	objects = {

/* Begin PBXBuildFile section */
		31A533B87330011F10FF9E40 /* Pods_Quickspenses.framework in Frameworks */ = {isa = PBXBuildFile; fileRef = FBBC4EDE95D9C17B2E958495 /* Pods_Quickspenses.framework */; };
		5E3AE03D216CA9DF00649FC0 /* Constants.swift in Sources */ = {isa = PBXBuildFile; fileRef = 5E3AE03C216CA9DF00649FC0 /* Constants.swift */; };
		5E3AE041216CCCC800649FC0 /* SettingsInteractor.swift in Sources */ = {isa = PBXBuildFile; fileRef = 5E3AE040216CCCC800649FC0 /* SettingsInteractor.swift */; };
		5E3AE043216CCCD700649FC0 /* SettingsPresenter.swift in Sources */ = {isa = PBXBuildFile; fileRef = 5E3AE042216CCCD700649FC0 /* SettingsPresenter.swift */; };
		5E3AE045216CCCE200649FC0 /* SettingsRouter.swift in Sources */ = {isa = PBXBuildFile; fileRef = 5E3AE044216CCCE200649FC0 /* SettingsRouter.swift */; };
		5E3AE047216CCCF400649FC0 /* SettingsConfigurator.swift in Sources */ = {isa = PBXBuildFile; fileRef = 5E3AE046216CCCF400649FC0 /* SettingsConfigurator.swift */; };
		5E3AE049216CCD0100649FC0 /* SettingsProtocols.swift in Sources */ = {isa = PBXBuildFile; fileRef = 5E3AE048216CCD0100649FC0 /* SettingsProtocols.swift */; };
		5E3AE04C216CCD5500649FC0 /* SettingsViewController.swift in Sources */ = {isa = PBXBuildFile; fileRef = 5E3AE04B216CCD5500649FC0 /* SettingsViewController.swift */; };
		5E3AE050216CD95600649FC0 /* EditListPresenter.swift in Sources */ = {isa = PBXBuildFile; fileRef = 5E3AE04F216CD95600649FC0 /* EditListPresenter.swift */; };
		5E3AE052216CD96A00649FC0 /* EditListRouter.swift in Sources */ = {isa = PBXBuildFile; fileRef = 5E3AE051216CD96A00649FC0 /* EditListRouter.swift */; };
		5E3AE054216CD97D00649FC0 /* EditListConfigurator.swift in Sources */ = {isa = PBXBuildFile; fileRef = 5E3AE053216CD97D00649FC0 /* EditListConfigurator.swift */; };
		5E3AE056216CD99100649FC0 /* EditListProtocols.swift in Sources */ = {isa = PBXBuildFile; fileRef = 5E3AE055216CD99100649FC0 /* EditListProtocols.swift */; };
		5E3AE058216CD9A700649FC0 /* EditListViewController.swift in Sources */ = {isa = PBXBuildFile; fileRef = 5E3AE057216CD9A700649FC0 /* EditListViewController.swift */; };
		5E3AE05B216CD9E100649FC0 /* EditListInteractor.swift in Sources */ = {isa = PBXBuildFile; fileRef = 5E3AE05A216CD9E100649FC0 /* EditListInteractor.swift */; };
		5EE44D44216A272700999AE0 /* MainProtocols.swift in Sources */ = {isa = PBXBuildFile; fileRef = 5EE44D43216A272700999AE0 /* MainProtocols.swift */; };
		5EE44D46216A27E300999AE0 /* MainConfigurator.swift in Sources */ = {isa = PBXBuildFile; fileRef = 5EE44D45216A27E300999AE0 /* MainConfigurator.swift */; };
		5EE44D49216A2C2600999AE0 /* MainPresenter.swift in Sources */ = {isa = PBXBuildFile; fileRef = 5EE44D48216A2C2600999AE0 /* MainPresenter.swift */; };
		5EE44D4B216A2CD000999AE0 /* MainInteractor.swift in Sources */ = {isa = PBXBuildFile; fileRef = 5EE44D4A216A2CD000999AE0 /* MainInteractor.swift */; };
		5EE44D4D216A2D8000999AE0 /* MainRouter.swift in Sources */ = {isa = PBXBuildFile; fileRef = 5EE44D4C216A2D8000999AE0 /* MainRouter.swift */; };
		5EE44D4F216A332F00999AE0 /* CoreDataManager.swift in Sources */ = {isa = PBXBuildFile; fileRef = 5EE44D4E216A332E00999AE0 /* CoreDataManager.swift */; };
		5EE44D52216A353B00999AE0 /* Transaction+CoreDataClass.swift in Sources */ = {isa = PBXBuildFile; fileRef = 5EE44D50216A353B00999AE0 /* Transaction+CoreDataClass.swift */; };
		5EE44D53216A353B00999AE0 /* Transaction+CoreDataProperties.swift in Sources */ = {isa = PBXBuildFile; fileRef = 5EE44D51216A353B00999AE0 /* Transaction+CoreDataProperties.swift */; };
		5EE44D59216A375F00999AE0 /* Wallet+CoreDataClass.swift in Sources */ = {isa = PBXBuildFile; fileRef = 5EE44D55216A375F00999AE0 /* Wallet+CoreDataClass.swift */; };
		5EE44D5A216A375F00999AE0 /* Wallet+CoreDataProperties.swift in Sources */ = {isa = PBXBuildFile; fileRef = 5EE44D56216A375F00999AE0 /* Wallet+CoreDataProperties.swift */; };
		5EE44D5B216A375F00999AE0 /* Purpose+CoreDataClass.swift in Sources */ = {isa = PBXBuildFile; fileRef = 5EE44D57216A375F00999AE0 /* Purpose+CoreDataClass.swift */; };
		5EE44D5C216A375F00999AE0 /* Purpose+CoreDataProperties.swift in Sources */ = {isa = PBXBuildFile; fileRef = 5EE44D58216A375F00999AE0 /* Purpose+CoreDataProperties.swift */; };
		5EE618C42121AC65001ACE29 /* AppDelegate.swift in Sources */ = {isa = PBXBuildFile; fileRef = 5EE618C32121AC65001ACE29 /* AppDelegate.swift */; };
		5EE618C62121AC65001ACE29 /* MainViewController.swift in Sources */ = {isa = PBXBuildFile; fileRef = 5EE618C52121AC65001ACE29 /* MainViewController.swift */; };
		5EE618C92121AC65001ACE29 /* Main.storyboard in Resources */ = {isa = PBXBuildFile; fileRef = 5EE618C72121AC65001ACE29 /* Main.storyboard */; };
		5EE618CC2121AC65001ACE29 /* Quickspenses.xcdatamodeld in Sources */ = {isa = PBXBuildFile; fileRef = 5EE618CA2121AC65001ACE29 /* Quickspenses.xcdatamodeld */; };
		5EE618CE2121AC69001ACE29 /* Assets.xcassets in Resources */ = {isa = PBXBuildFile; fileRef = 5EE618CD2121AC69001ACE29 /* Assets.xcassets */; };
		5EE618D12121AC69001ACE29 /* LaunchScreen.storyboard in Resources */ = {isa = PBXBuildFile; fileRef = 5EE618CF2121AC69001ACE29 /* LaunchScreen.storyboard */; };
		5EE618D92121B28B001ACE29 /* ExpenseCell.swift in Sources */ = {isa = PBXBuildFile; fileRef = 5EE618D82121B28B001ACE29 /* ExpenseCell.swift */; };
/* End PBXBuildFile section */

/* Begin PBXFileReference section */
		441A8A90589CF6A98F705C46 /* Pods-Quickspenses.debug.xcconfig */ = {isa = PBXFileReference; includeInIndex = 1; lastKnownFileType = text.xcconfig; name = "Pods-Quickspenses.debug.xcconfig"; path = "Pods/Target Support Files/Pods-Quickspenses/Pods-Quickspenses.debug.xcconfig"; sourceTree = "<group>"; };
		5E3AE03C216CA9DF00649FC0 /* Constants.swift */ = {isa = PBXFileReference; lastKnownFileType = sourcecode.swift; path = Constants.swift; sourceTree = "<group>"; };
		5E3AE040216CCCC800649FC0 /* SettingsInteractor.swift */ = {isa = PBXFileReference; lastKnownFileType = sourcecode.swift; path = SettingsInteractor.swift; sourceTree = "<group>"; };
		5E3AE042216CCCD700649FC0 /* SettingsPresenter.swift */ = {isa = PBXFileReference; lastKnownFileType = sourcecode.swift; path = SettingsPresenter.swift; sourceTree = "<group>"; };
		5E3AE044216CCCE200649FC0 /* SettingsRouter.swift */ = {isa = PBXFileReference; lastKnownFileType = sourcecode.swift; path = SettingsRouter.swift; sourceTree = "<group>"; };
		5E3AE046216CCCF400649FC0 /* SettingsConfigurator.swift */ = {isa = PBXFileReference; lastKnownFileType = sourcecode.swift; path = SettingsConfigurator.swift; sourceTree = "<group>"; };
		5E3AE048216CCD0100649FC0 /* SettingsProtocols.swift */ = {isa = PBXFileReference; lastKnownFileType = sourcecode.swift; path = SettingsProtocols.swift; sourceTree = "<group>"; };
		5E3AE04B216CCD5500649FC0 /* SettingsViewController.swift */ = {isa = PBXFileReference; lastKnownFileType = sourcecode.swift; path = SettingsViewController.swift; sourceTree = "<group>"; };
		5E3AE04F216CD95600649FC0 /* EditListPresenter.swift */ = {isa = PBXFileReference; lastKnownFileType = sourcecode.swift; path = EditListPresenter.swift; sourceTree = "<group>"; };
		5E3AE051216CD96A00649FC0 /* EditListRouter.swift */ = {isa = PBXFileReference; lastKnownFileType = sourcecode.swift; path = EditListRouter.swift; sourceTree = "<group>"; };
		5E3AE053216CD97D00649FC0 /* EditListConfigurator.swift */ = {isa = PBXFileReference; lastKnownFileType = sourcecode.swift; path = EditListConfigurator.swift; sourceTree = "<group>"; };
		5E3AE055216CD99100649FC0 /* EditListProtocols.swift */ = {isa = PBXFileReference; lastKnownFileType = sourcecode.swift; path = EditListProtocols.swift; sourceTree = "<group>"; };
		5E3AE057216CD9A700649FC0 /* EditListViewController.swift */ = {isa = PBXFileReference; lastKnownFileType = sourcecode.swift; path = EditListViewController.swift; sourceTree = "<group>"; };
		5E3AE05A216CD9E100649FC0 /* EditListInteractor.swift */ = {isa = PBXFileReference; fileEncoding = 4; lastKnownFileType = sourcecode.swift; path = EditListInteractor.swift; sourceTree = "<group>"; };
		5EE44D43216A272700999AE0 /* MainProtocols.swift */ = {isa = PBXFileReference; lastKnownFileType = sourcecode.swift; path = MainProtocols.swift; sourceTree = "<group>"; };
		5EE44D45216A27E300999AE0 /* MainConfigurator.swift */ = {isa = PBXFileReference; lastKnownFileType = sourcecode.swift; path = MainConfigurator.swift; sourceTree = "<group>"; };
		5EE44D48216A2C2600999AE0 /* MainPresenter.swift */ = {isa = PBXFileReference; lastKnownFileType = sourcecode.swift; path = MainPresenter.swift; sourceTree = "<group>"; };
		5EE44D4A216A2CD000999AE0 /* MainInteractor.swift */ = {isa = PBXFileReference; lastKnownFileType = sourcecode.swift; path = MainInteractor.swift; sourceTree = "<group>"; };
		5EE44D4C216A2D8000999AE0 /* MainRouter.swift */ = {isa = PBXFileReference; lastKnownFileType = sourcecode.swift; path = MainRouter.swift; sourceTree = "<group>"; };
		5EE44D4E216A332E00999AE0 /* CoreDataManager.swift */ = {isa = PBXFileReference; lastKnownFileType = sourcecode.swift; name = CoreDataManager.swift; path = Quickspenses/CoreDataManager.swift; sourceTree = SOURCE_ROOT; };
		5EE44D50216A353B00999AE0 /* Transaction+CoreDataClass.swift */ = {isa = PBXFileReference; lastKnownFileType = sourcecode.swift; path = "Transaction+CoreDataClass.swift"; sourceTree = "<group>"; };
		5EE44D51216A353B00999AE0 /* Transaction+CoreDataProperties.swift */ = {isa = PBXFileReference; lastKnownFileType = sourcecode.swift; path = "Transaction+CoreDataProperties.swift"; sourceTree = "<group>"; };
		5EE44D55216A375F00999AE0 /* Wallet+CoreDataClass.swift */ = {isa = PBXFileReference; lastKnownFileType = sourcecode.swift; path = "Wallet+CoreDataClass.swift"; sourceTree = "<group>"; };
		5EE44D56216A375F00999AE0 /* Wallet+CoreDataProperties.swift */ = {isa = PBXFileReference; lastKnownFileType = sourcecode.swift; path = "Wallet+CoreDataProperties.swift"; sourceTree = "<group>"; };
		5EE44D57216A375F00999AE0 /* Purpose+CoreDataClass.swift */ = {isa = PBXFileReference; lastKnownFileType = sourcecode.swift; path = "Purpose+CoreDataClass.swift"; sourceTree = "<group>"; };
		5EE44D58216A375F00999AE0 /* Purpose+CoreDataProperties.swift */ = {isa = PBXFileReference; lastKnownFileType = sourcecode.swift; path = "Purpose+CoreDataProperties.swift"; sourceTree = "<group>"; };
		5EE618C02121AC65001ACE29 /* Quickspenses.app */ = {isa = PBXFileReference; explicitFileType = wrapper.application; includeInIndex = 0; path = Quickspenses.app; sourceTree = BUILT_PRODUCTS_DIR; };
		5EE618C32121AC65001ACE29 /* AppDelegate.swift */ = {isa = PBXFileReference; lastKnownFileType = sourcecode.swift; path = AppDelegate.swift; sourceTree = "<group>"; };
		5EE618C52121AC65001ACE29 /* MainViewController.swift */ = {isa = PBXFileReference; lastKnownFileType = sourcecode.swift; path = MainViewController.swift; sourceTree = "<group>"; };
		5EE618C82121AC65001ACE29 /* Base */ = {isa = PBXFileReference; lastKnownFileType = file.storyboard; name = Base; path = Base.lproj/Main.storyboard; sourceTree = "<group>"; };
		5EE618CB2121AC65001ACE29 /* Quickspenses.xcdatamodel */ = {isa = PBXFileReference; lastKnownFileType = wrapper.xcdatamodel; path = Quickspenses.xcdatamodel; sourceTree = "<group>"; };
		5EE618CD2121AC69001ACE29 /* Assets.xcassets */ = {isa = PBXFileReference; lastKnownFileType = folder.assetcatalog; path = Assets.xcassets; sourceTree = "<group>"; };
		5EE618D02121AC69001ACE29 /* Base */ = {isa = PBXFileReference; lastKnownFileType = file.storyboard; name = Base; path = Base.lproj/LaunchScreen.storyboard; sourceTree = "<group>"; };
		5EE618D22121AC69001ACE29 /* Info.plist */ = {isa = PBXFileReference; lastKnownFileType = text.plist.xml; path = Info.plist; sourceTree = "<group>"; };
		5EE618D82121B28B001ACE29 /* ExpenseCell.swift */ = {isa = PBXFileReference; lastKnownFileType = sourcecode.swift; path = ExpenseCell.swift; sourceTree = "<group>"; };
		84314A1979E1C8A21C678516 /* Pods-Quickspenses.release.xcconfig */ = {isa = PBXFileReference; includeInIndex = 1; lastKnownFileType = text.xcconfig; name = "Pods-Quickspenses.release.xcconfig"; path = "Pods/Target Support Files/Pods-Quickspenses/Pods-Quickspenses.release.xcconfig"; sourceTree = "<group>"; };
		FBBC4EDE95D9C17B2E958495 /* Pods_Quickspenses.framework */ = {isa = PBXFileReference; explicitFileType = wrapper.framework; includeInIndex = 0; path = Pods_Quickspenses.framework; sourceTree = BUILT_PRODUCTS_DIR; };
/* End PBXFileReference section */

/* Begin PBXFrameworksBuildPhase section */
		5EE618BD2121AC64001ACE29 /* Frameworks */ = {
			isa = PBXFrameworksBuildPhase;
			buildActionMask = 2147483647;
			files = (
				31A533B87330011F10FF9E40 /* Pods_Quickspenses.framework in Frameworks */,
			);
			runOnlyForDeploymentPostprocessing = 0;
		};
/* End PBXFrameworksBuildPhase section */

/* Begin PBXGroup section */
		1B51E0C43622F5946F72F2CD /* Frameworks */ = {
			isa = PBXGroup;
			children = (
				FBBC4EDE95D9C17B2E958495 /* Pods_Quickspenses.framework */,
			);
			name = Frameworks;
			sourceTree = "<group>";
		};
		5E3AE04A216CCD0700649FC0 /* SettingsModule */ = {
			isa = PBXGroup;
			children = (
				5E3AE04B216CCD5500649FC0 /* SettingsViewController.swift */,
				5E3AE040216CCCC800649FC0 /* SettingsInteractor.swift */,
				5E3AE042216CCCD700649FC0 /* SettingsPresenter.swift */,
				5E3AE044216CCCE200649FC0 /* SettingsRouter.swift */,
				5E3AE046216CCCF400649FC0 /* SettingsConfigurator.swift */,
				5E3AE048216CCD0100649FC0 /* SettingsProtocols.swift */,
			);
			path = SettingsModule;
			sourceTree = "<group>";
		};
		5E3AE059216CD9B100649FC0 /* EditListModule */ = {
			isa = PBXGroup;
			children = (
				5E3AE057216CD9A700649FC0 /* EditListViewController.swift */,
				5E3AE05A216CD9E100649FC0 /* EditListInteractor.swift */,
				5E3AE04F216CD95600649FC0 /* EditListPresenter.swift */,
				5E3AE051216CD96A00649FC0 /* EditListRouter.swift */,
				5E3AE053216CD97D00649FC0 /* EditListConfigurator.swift */,
				5E3AE055216CD99100649FC0 /* EditListProtocols.swift */,
			);
			path = EditListModule;
			sourceTree = "<group>";
		};
		5EE44D47216A29F000999AE0 /* MainModule */ = {
			isa = PBXGroup;
			children = (
				5EE618C52121AC65001ACE29 /* MainViewController.swift */,
				5EE44D4A216A2CD000999AE0 /* MainInteractor.swift */,
				5EE44D48216A2C2600999AE0 /* MainPresenter.swift */,
				5EE44D45216A27E300999AE0 /* MainConfigurator.swift */,
				5EE44D4C216A2D8000999AE0 /* MainRouter.swift */,
				5EE44D43216A272700999AE0 /* MainProtocols.swift */,
			);
			path = MainModule;
			sourceTree = "<group>";
		};
		5EE44D54216A359300999AE0 /* ManagedObjects */ = {
			isa = PBXGroup;
			children = (
				5EE44D55216A375F00999AE0 /* Wallet+CoreDataClass.swift */,
				5EE44D56216A375F00999AE0 /* Wallet+CoreDataProperties.swift */,
				5EE44D57216A375F00999AE0 /* Purpose+CoreDataClass.swift */,
				5EE44D58216A375F00999AE0 /* Purpose+CoreDataProperties.swift */,
				5EE44D50216A353B00999AE0 /* Transaction+CoreDataClass.swift */,
				5EE44D51216A353B00999AE0 /* Transaction+CoreDataProperties.swift */,
			);
			path = ManagedObjects;
			sourceTree = "<group>";
		};
		5EE618B72121AC64001ACE29 = {
			isa = PBXGroup;
			children = (
				5EE44D54216A359300999AE0 /* ManagedObjects */,
				5EE618C22121AC65001ACE29 /* Quickspenses */,
				5EE618C12121AC65001ACE29 /* Products */,
				9B29329FDCF370ED671F57C5 /* Pods */,
				1B51E0C43622F5946F72F2CD /* Frameworks */,
			);
			sourceTree = "<group>";
		};
		5EE618C12121AC65001ACE29 /* Products */ = {
			isa = PBXGroup;
			children = (
				5EE618C02121AC65001ACE29 /* Quickspenses.app */,
			);
			name = Products;
			sourceTree = "<group>";
		};
		5EE618C22121AC65001ACE29 /* Quickspenses */ = {
			isa = PBXGroup;
			children = (
				5EE618C32121AC65001ACE29 /* AppDelegate.swift */,
				5EE44D4E216A332E00999AE0 /* CoreDataManager.swift */,
				5E3AE03C216CA9DF00649FC0 /* Constants.swift */,
				5E3AE059216CD9B100649FC0 /* EditListModule */,
				5E3AE04A216CCD0700649FC0 /* SettingsModule */,
				5EE44D47216A29F000999AE0 /* MainModule */,
				5EE618C72121AC65001ACE29 /* Main.storyboard */,
				5EE618D82121B28B001ACE29 /* ExpenseCell.swift */,
				5EE618CD2121AC69001ACE29 /* Assets.xcassets */,
				5EE618CF2121AC69001ACE29 /* LaunchScreen.storyboard */,
				5EE618D22121AC69001ACE29 /* Info.plist */,
				5EE618CA2121AC65001ACE29 /* Quickspenses.xcdatamodeld */,
			);
			path = Quickspenses;
			sourceTree = "<group>";
		};
		9B29329FDCF370ED671F57C5 /* Pods */ = {
			isa = PBXGroup;
			children = (
				441A8A90589CF6A98F705C46 /* Pods-Quickspenses.debug.xcconfig */,
				84314A1979E1C8A21C678516 /* Pods-Quickspenses.release.xcconfig */,
			);
			name = Pods;
			sourceTree = "<group>";
		};
/* End PBXGroup section */

/* Begin PBXNativeTarget section */
		5EE618BF2121AC64001ACE29 /* Quickspenses */ = {
			isa = PBXNativeTarget;
			buildConfigurationList = 5EE618D52121AC69001ACE29 /* Build configuration list for PBXNativeTarget "Quickspenses" */;
			buildPhases = (
				E19D837D9D3C2B8B2C34758A /* [CP] Check Pods Manifest.lock */,
				5EE618BC2121AC64001ACE29 /* Sources */,
				5EE618BD2121AC64001ACE29 /* Frameworks */,
				5EE618BE2121AC64001ACE29 /* Resources */,
				E860BB4C2F24EEDE499413BC /* [CP] Embed Pods Frameworks */,
			);
			buildRules = (
			);
			dependencies = (
			);
			name = Quickspenses;
			productName = Quickspenses;
			productReference = 5EE618C02121AC65001ACE29 /* Quickspenses.app */;
			productType = "com.apple.product-type.application";
		};
/* End PBXNativeTarget section */

/* Begin PBXProject section */
		5EE618B82121AC64001ACE29 /* Project object */ = {
			isa = PBXProject;
			attributes = {
				LastSwiftUpdateCheck = 0940;
				LastUpgradeCheck = 0940;
				ORGANIZATIONNAME = "Georgy Khaydenko";
				TargetAttributes = {
					5EE618BF2121AC64001ACE29 = {
						CreatedOnToolsVersion = 9.4.1;
					};
				};
			};
			buildConfigurationList = 5EE618BB2121AC64001ACE29 /* Build configuration list for PBXProject "Quickspenses" */;
			compatibilityVersion = "Xcode 9.3";
			developmentRegion = en;
			hasScannedForEncodings = 0;
			knownRegions = (
				en,
				Base,
			);
			mainGroup = 5EE618B72121AC64001ACE29;
			productRefGroup = 5EE618C12121AC65001ACE29 /* Products */;
			projectDirPath = "";
			projectRoot = "";
			targets = (
				5EE618BF2121AC64001ACE29 /* Quickspenses */,
			);
		};
/* End PBXProject section */

/* Begin PBXResourcesBuildPhase section */
		5EE618BE2121AC64001ACE29 /* Resources */ = {
			isa = PBXResourcesBuildPhase;
			buildActionMask = 2147483647;
			files = (
				5EE618D12121AC69001ACE29 /* LaunchScreen.storyboard in Resources */,
				5EE618CE2121AC69001ACE29 /* Assets.xcassets in Resources */,
				5EE618C92121AC65001ACE29 /* Main.storyboard in Resources */,
			);
			runOnlyForDeploymentPostprocessing = 0;
		};
/* End PBXResourcesBuildPhase section */

/* Begin PBXShellScriptBuildPhase section */
		E19D837D9D3C2B8B2C34758A /* [CP] Check Pods Manifest.lock */ = {
			isa = PBXShellScriptBuildPhase;
			buildActionMask = 2147483647;
			files = (
			);
			inputPaths = (
				"${PODS_PODFILE_DIR_PATH}/Podfile.lock",
				"${PODS_ROOT}/Manifest.lock",
			);
			name = "[CP] Check Pods Manifest.lock";
			outputPaths = (
				"$(DERIVED_FILE_DIR)/Pods-Quickspenses-checkManifestLockResult.txt",
			);
			runOnlyForDeploymentPostprocessing = 0;
			shellPath = /bin/sh;
			shellScript = "diff \"${PODS_PODFILE_DIR_PATH}/Podfile.lock\" \"${PODS_ROOT}/Manifest.lock\" > /dev/null\nif [ $? != 0 ] ; then\n    # print error to STDERR\n    echo \"error: The sandbox is not in sync with the Podfile.lock. Run 'pod install' or update your CocoaPods installation.\" >&2\n    exit 1\nfi\n# This output is used by Xcode 'outputs' to avoid re-running this script phase.\necho \"SUCCESS\" > \"${SCRIPT_OUTPUT_FILE_0}\"\n";
			showEnvVarsInLog = 0;
		};
		E860BB4C2F24EEDE499413BC /* [CP] Embed Pods Frameworks */ = {
			isa = PBXShellScriptBuildPhase;
			buildActionMask = 2147483647;
			files = (
			);
			inputPaths = (
				"${SRCROOT}/Pods/Target Support Files/Pods-Quickspenses/Pods-Quickspenses-frameworks.sh",
				"${BUILT_PRODUCTS_DIR}/IQKeyboardManagerSwift/IQKeyboardManagerSwift.framework",
			);
			name = "[CP] Embed Pods Frameworks";
			outputPaths = (
				"${TARGET_BUILD_DIR}/${FRAMEWORKS_FOLDER_PATH}/IQKeyboardManagerSwift.framework",
			);
			runOnlyForDeploymentPostprocessing = 0;
			shellPath = /bin/sh;
			shellScript = "\"${SRCROOT}/Pods/Target Support Files/Pods-Quickspenses/Pods-Quickspenses-frameworks.sh\"\n";
			showEnvVarsInLog = 0;
		};
/* End PBXShellScriptBuildPhase section */

/* Begin PBXSourcesBuildPhase section */
		5EE618BC2121AC64001ACE29 /* Sources */ = {
			isa = PBXSourcesBuildPhase;
			buildActionMask = 2147483647;
			files = (
				5EE44D5B216A375F00999AE0 /* Purpose+CoreDataClass.swift in Sources */,
				5E3AE03D216CA9DF00649FC0 /* Constants.swift in Sources */,
				5EE44D59216A375F00999AE0 /* Wallet+CoreDataClass.swift in Sources */,
				5E3AE054216CD97D00649FC0 /* EditListConfigurator.swift in Sources */,
				5E3AE045216CCCE200649FC0 /* SettingsRouter.swift in Sources */,
				5EE618D92121B28B001ACE29 /* ExpenseCell.swift in Sources */,
				5EE618C62121AC65001ACE29 /* MainViewController.swift in Sources */,
				5EE44D52216A353B00999AE0 /* Transaction+CoreDataClass.swift in Sources */,
				5E3AE056216CD99100649FC0 /* EditListProtocols.swift in Sources */,
				5EE44D5A216A375F00999AE0 /* Wallet+CoreDataProperties.swift in Sources */,
				5E3AE049216CCD0100649FC0 /* SettingsProtocols.swift in Sources */,
				5E3AE05B216CD9E100649FC0 /* EditListInteractor.swift in Sources */,
				5EE618CC2121AC65001ACE29 /* Quickspenses.xcdatamodeld in Sources */,
				5E3AE041216CCCC800649FC0 /* SettingsInteractor.swift in Sources */,
				5EE44D44216A272700999AE0 /* MainProtocols.swift in Sources */,
				5E3AE050216CD95600649FC0 /* EditListPresenter.swift in Sources */,
				5E3AE047216CCCF400649FC0 /* SettingsConfigurator.swift in Sources */,
				5EE44D5C216A375F00999AE0 /* Purpose+CoreDataProperties.swift in Sources */,
				5EE618C42121AC65001ACE29 /* AppDelegate.swift in Sources */,
				5E3AE04C216CCD5500649FC0 /* SettingsViewController.swift in Sources */,
				5EE44D49216A2C2600999AE0 /* MainPresenter.swift in Sources */,
				5EE44D46216A27E300999AE0 /* MainConfigurator.swift in Sources */,
				5E3AE052216CD96A00649FC0 /* EditListRouter.swift in Sources */,
				5E3AE058216CD9A700649FC0 /* EditListViewController.swift in Sources */,
				5EE44D53216A353B00999AE0 /* Transaction+CoreDataProperties.swift in Sources */,
				5EE44D4B216A2CD000999AE0 /* MainInteractor.swift in Sources */,
				5EE44D4F216A332F00999AE0 /* CoreDataManager.swift in Sources */,
				5EE44D4D216A2D8000999AE0 /* MainRouter.swift in Sources */,
				5E3AE043216CCCD700649FC0 /* SettingsPresenter.swift in Sources */,
			);
			runOnlyForDeploymentPostprocessing = 0;
		};
/* End PBXSourcesBuildPhase section */

/* Begin PBXVariantGroup section */
		5EE618C72121AC65001ACE29 /* Main.storyboard */ = {
			isa = PBXVariantGroup;
			children = (
				5EE618C82121AC65001ACE29 /* Base */,
			);
			name = Main.storyboard;
			sourceTree = "<group>";
		};
		5EE618CF2121AC69001ACE29 /* LaunchScreen.storyboard */ = {
			isa = PBXVariantGroup;
			children = (
				5EE618D02121AC69001ACE29 /* Base */,
			);
			name = LaunchScreen.storyboard;
			sourceTree = "<group>";
		};
/* End PBXVariantGroup section */

/* Begin XCBuildConfiguration section */
		5EE618D32121AC69001ACE29 /* Debug */ = {
			isa = XCBuildConfiguration;
			buildSettings = {
				ALWAYS_SEARCH_USER_PATHS = NO;
				CLANG_ANALYZER_NONNULL = YES;
				CLANG_ANALYZER_NUMBER_OBJECT_CONVERSION = YES_AGGRESSIVE;
				CLANG_CXX_LANGUAGE_STANDARD = "gnu++14";
				CLANG_CXX_LIBRARY = "libc++";
				CLANG_ENABLE_MODULES = YES;
				CLANG_ENABLE_OBJC_ARC = YES;
				CLANG_ENABLE_OBJC_WEAK = YES;
				CLANG_WARN_BLOCK_CAPTURE_AUTORELEASING = YES;
				CLANG_WARN_BOOL_CONVERSION = YES;
				CLANG_WARN_COMMA = YES;
				CLANG_WARN_CONSTANT_CONVERSION = YES;
				CLANG_WARN_DEPRECATED_OBJC_IMPLEMENTATIONS = YES;
				CLANG_WARN_DIRECT_OBJC_ISA_USAGE = YES_ERROR;
				CLANG_WARN_DOCUMENTATION_COMMENTS = YES;
				CLANG_WARN_EMPTY_BODY = YES;
				CLANG_WARN_ENUM_CONVERSION = YES;
				CLANG_WARN_INFINITE_RECURSION = YES;
				CLANG_WARN_INT_CONVERSION = YES;
				CLANG_WARN_NON_LITERAL_NULL_CONVERSION = YES;
				CLANG_WARN_OBJC_IMPLICIT_RETAIN_SELF = YES;
				CLANG_WARN_OBJC_LITERAL_CONVERSION = YES;
				CLANG_WARN_OBJC_ROOT_CLASS = YES_ERROR;
				CLANG_WARN_RANGE_LOOP_ANALYSIS = YES;
				CLANG_WARN_STRICT_PROTOTYPES = YES;
				CLANG_WARN_SUSPICIOUS_MOVE = YES;
				CLANG_WARN_UNGUARDED_AVAILABILITY = YES_AGGRESSIVE;
				CLANG_WARN_UNREACHABLE_CODE = YES;
				CLANG_WARN__DUPLICATE_METHOD_MATCH = YES;
				CODE_SIGN_IDENTITY = "iPhone Developer";
				COPY_PHASE_STRIP = NO;
				DEBUG_INFORMATION_FORMAT = dwarf;
				ENABLE_STRICT_OBJC_MSGSEND = YES;
				ENABLE_TESTABILITY = YES;
				GCC_C_LANGUAGE_STANDARD = gnu11;
				GCC_DYNAMIC_NO_PIC = NO;
				GCC_NO_COMMON_BLOCKS = YES;
				GCC_OPTIMIZATION_LEVEL = 0;
				GCC_PREPROCESSOR_DEFINITIONS = (
					"DEBUG=1",
					"$(inherited)",
				);
				GCC_WARN_64_TO_32_BIT_CONVERSION = YES;
				GCC_WARN_ABOUT_RETURN_TYPE = YES_ERROR;
				GCC_WARN_UNDECLARED_SELECTOR = YES;
				GCC_WARN_UNINITIALIZED_AUTOS = YES_AGGRESSIVE;
				GCC_WARN_UNUSED_FUNCTION = YES;
				GCC_WARN_UNUSED_VARIABLE = YES;
				IPHONEOS_DEPLOYMENT_TARGET = 11.4;
				MTL_ENABLE_DEBUG_INFO = YES;
				ONLY_ACTIVE_ARCH = YES;
				SDKROOT = iphoneos;
				SWIFT_ACTIVE_COMPILATION_CONDITIONS = DEBUG;
				SWIFT_OPTIMIZATION_LEVEL = "-Onone";
			};
			name = Debug;
		};
		5EE618D42121AC69001ACE29 /* Release */ = {
			isa = XCBuildConfiguration;
			buildSettings = {
				ALWAYS_SEARCH_USER_PATHS = NO;
				CLANG_ANALYZER_NONNULL = YES;
				CLANG_ANALYZER_NUMBER_OBJECT_CONVERSION = YES_AGGRESSIVE;
				CLANG_CXX_LANGUAGE_STANDARD = "gnu++14";
				CLANG_CXX_LIBRARY = "libc++";
				CLANG_ENABLE_MODULES = YES;
				CLANG_ENABLE_OBJC_ARC = YES;
				CLANG_ENABLE_OBJC_WEAK = YES;
				CLANG_WARN_BLOCK_CAPTURE_AUTORELEASING = YES;
				CLANG_WARN_BOOL_CONVERSION = YES;
				CLANG_WARN_COMMA = YES;
				CLANG_WARN_CONSTANT_CONVERSION = YES;
				CLANG_WARN_DEPRECATED_OBJC_IMPLEMENTATIONS = YES;
				CLANG_WARN_DIRECT_OBJC_ISA_USAGE = YES_ERROR;
				CLANG_WARN_DOCUMENTATION_COMMENTS = YES;
				CLANG_WARN_EMPTY_BODY = YES;
				CLANG_WARN_ENUM_CONVERSION = YES;
				CLANG_WARN_INFINITE_RECURSION = YES;
				CLANG_WARN_INT_CONVERSION = YES;
				CLANG_WARN_NON_LITERAL_NULL_CONVERSION = YES;
				CLANG_WARN_OBJC_IMPLICIT_RETAIN_SELF = YES;
				CLANG_WARN_OBJC_LITERAL_CONVERSION = YES;
				CLANG_WARN_OBJC_ROOT_CLASS = YES_ERROR;
				CLANG_WARN_RANGE_LOOP_ANALYSIS = YES;
				CLANG_WARN_STRICT_PROTOTYPES = YES;
				CLANG_WARN_SUSPICIOUS_MOVE = YES;
				CLANG_WARN_UNGUARDED_AVAILABILITY = YES_AGGRESSIVE;
				CLANG_WARN_UNREACHABLE_CODE = YES;
				CLANG_WARN__DUPLICATE_METHOD_MATCH = YES;
				CODE_SIGN_IDENTITY = "iPhone Developer";
				COPY_PHASE_STRIP = NO;
				DEBUG_INFORMATION_FORMAT = "dwarf-with-dsym";
				ENABLE_NS_ASSERTIONS = NO;
				ENABLE_STRICT_OBJC_MSGSEND = YES;
				GCC_C_LANGUAGE_STANDARD = gnu11;
				GCC_NO_COMMON_BLOCKS = YES;
				GCC_WARN_64_TO_32_BIT_CONVERSION = YES;
				GCC_WARN_ABOUT_RETURN_TYPE = YES_ERROR;
				GCC_WARN_UNDECLARED_SELECTOR = YES;
				GCC_WARN_UNINITIALIZED_AUTOS = YES_AGGRESSIVE;
				GCC_WARN_UNUSED_FUNCTION = YES;
				GCC_WARN_UNUSED_VARIABLE = YES;
				IPHONEOS_DEPLOYMENT_TARGET = 11.4;
				MTL_ENABLE_DEBUG_INFO = NO;
				SDKROOT = iphoneos;
				SWIFT_COMPILATION_MODE = wholemodule;
				SWIFT_OPTIMIZATION_LEVEL = "-O";
				VALIDATE_PRODUCT = YES;
			};
			name = Release;
		};
		5EE618D62121AC69001ACE29 /* Debug */ = {
			isa = XCBuildConfiguration;
			baseConfigurationReference = 441A8A90589CF6A98F705C46 /* Pods-Quickspenses.debug.xcconfig */;
			buildSettings = {
				ASSETCATALOG_COMPILER_APPICON_NAME = AppIcon;
				CODE_SIGN_STYLE = Automatic;
				DEVELOPMENT_TEAM = UBXSN34678;
				INFOPLIST_FILE = Quickspenses/Info.plist;
				IPHONEOS_DEPLOYMENT_TARGET = 10.3;
				LD_RUNPATH_SEARCH_PATHS = (
					"$(inherited)",
					"@executable_path/Frameworks",
				);
				PRODUCT_BUNDLE_IDENTIFIER = com.jesterix.Quickspenses;
				PRODUCT_NAME = "$(TARGET_NAME)";
				SWIFT_VERSION = 4.0;
				TARGETED_DEVICE_FAMILY = "1,2";
			};
			name = Debug;
		};
		5EE618D72121AC69001ACE29 /* Release */ = {
			isa = XCBuildConfiguration;
			baseConfigurationReference = 84314A1979E1C8A21C678516 /* Pods-Quickspenses.release.xcconfig */;
			buildSettings = {
				ASSETCATALOG_COMPILER_APPICON_NAME = AppIcon;
				CODE_SIGN_STYLE = Automatic;
				DEVELOPMENT_TEAM = UBXSN34678;
				INFOPLIST_FILE = Quickspenses/Info.plist;
				IPHONEOS_DEPLOYMENT_TARGET = 10.3;
				LD_RUNPATH_SEARCH_PATHS = (
					"$(inherited)",
					"@executable_path/Frameworks",
				);
				PRODUCT_BUNDLE_IDENTIFIER = com.jesterix.Quickspenses;
				PRODUCT_NAME = "$(TARGET_NAME)";
				SWIFT_VERSION = 4.0;
				TARGETED_DEVICE_FAMILY = "1,2";
			};
			name = Release;
		};
/* End XCBuildConfiguration section */

/* Begin XCConfigurationList section */
		5EE618BB2121AC64001ACE29 /* Build configuration list for PBXProject "Quickspenses" */ = {
			isa = XCConfigurationList;
			buildConfigurations = (
				5EE618D32121AC69001ACE29 /* Debug */,
				5EE618D42121AC69001ACE29 /* Release */,
			);
			defaultConfigurationIsVisible = 0;
			defaultConfigurationName = Release;
		};
		5EE618D52121AC69001ACE29 /* Build configuration list for PBXNativeTarget "Quickspenses" */ = {
			isa = XCConfigurationList;
			buildConfigurations = (
				5EE618D62121AC69001ACE29 /* Debug */,
				5EE618D72121AC69001ACE29 /* Release */,
			);
			defaultConfigurationIsVisible = 0;
			defaultConfigurationName = Release;
		};
/* End XCConfigurationList section */

/* Begin XCVersionGroup section */
		5EE618CA2121AC65001ACE29 /* Quickspenses.xcdatamodeld */ = {
			isa = XCVersionGroup;
			children = (
				5EE618CB2121AC65001ACE29 /* Quickspenses.xcdatamodel */,
			);
			currentVersion = 5EE618CB2121AC65001ACE29 /* Quickspenses.xcdatamodel */;
			path = Quickspenses.xcdatamodeld;
			sourceTree = "<group>";
			versionGroupType = wrapper.xcdatamodel;
		};
/* End XCVersionGroup section */
	};
	rootObject = 5EE618B82121AC64001ACE29 /* Project object */;
}
